
Microsoft Visual Studio Solution File, Format Version 12.00
# Visual Studio Version 16
VisualStudioVersion = 16.0.29409.12
MinimumVisualStudioVersion = 10.0.40219.1
Project("{FAE04EC0-301F-11D3-BF4B-00C04F79EFBC}") = "Proyecto", "Proyecto\Proyecto.csproj", "{0107A889-3B9B-4871-9180-0E1EF43A6678}"
EndProject
Project("{FAE04EC0-301F-11D3-BF4B-00C04F79EFBC}") = "Repositorio", "Repositorio\Repositorio.csproj", "{6F805B9F-2910-4456-880B-89EE5C42DC8D}"
EndProject
Project("{FAE04EC0-301F-11D3-BF4B-00C04F79EFBC}") = "Modelos", "Modelos\Modelos.csproj", "{DC74C411-61D5-4DEA-AC42-BB5F2DDB5C40}"
EndProject
Project("{FAE04EC0-301F-11D3-BF4B-00C04F79EFBC}") = "Logica", "Logica\Logica.csproj", "{C26D9DBB-D6D5-4A4C-A80B-9115D3575035}"
EndProject
Global
	GlobalSection(SolutionConfigurationPlatforms) = preSolution
		Debug|Any CPU = Debug|Any CPU
		Release|Any CPU = Release|Any CPU
	EndGlobalSection
	GlobalSection(ProjectConfigurationPlatforms) = postSolution
		{0107A889-3B9B-4871-9180-0E1EF43A6678}.Debug|Any CPU.ActiveCfg = Debug|Any CPU
		{0107A889-3B9B-4871-9180-0E1EF43A6678}.Debug|Any CPU.Build.0 = Debug|Any CPU
		{0107A889-3B9B-4871-9180-0E1EF43A6678}.Release|Any CPU.ActiveCfg = Release|Any CPU
		{0107A889-3B9B-4871-9180-0E1EF43A6678}.Release|Any CPU.Build.0 = Release|Any CPU
		{6F805B9F-2910-4456-880B-89EE5C42DC8D}.Debug|Any CPU.ActiveCfg = Debug|Any CPU
		{6F805B9F-2910-4456-880B-89EE5C42DC8D}.Debug|Any CPU.Build.0 = Debug|Any CPU
		{6F805B9F-2910-4456-880B-89EE5C42DC8D}.Release|Any CPU.ActiveCfg = Release|Any CPU
		{6F805B9F-2910-4456-880B-89EE5C42DC8D}.Release|Any CPU.Build.0 = Release|Any CPU
		{DC74C411-61D5-4DEA-AC42-BB5F2DDB5C40}.Debug|Any CPU.ActiveCfg = Debug|Any CPU
		{DC74C411-61D5-4DEA-AC42-BB5F2DDB5C40}.Debug|Any CPU.Build.0 = Debug|Any CPU
		{DC74C411-61D5-4DEA-AC42-BB5F2DDB5C40}.Release|Any CPU.ActiveCfg = Release|Any CPU
		{DC74C411-61D5-4DEA-AC42-BB5F2DDB5C40}.Release|Any CPU.Build.0 = Release|Any CPU
		{C26D9DBB-D6D5-4A4C-A80B-9115D3575035}.Debug|Any CPU.ActiveCfg = Debug|Any CPU
		{C26D9DBB-D6D5-4A4C-A80B-9115D3575035}.Debug|Any CPU.Build.0 = Debug|Any CPU
		{C26D9DBB-D6D5-4A4C-A80B-9115D3575035}.Release|Any CPU.ActiveCfg = Release|Any CPU
		{C26D9DBB-D6D5-4A4C-A80B-9115D3575035}.Release|Any CPU.Build.0 = Release|Any CPU
	EndGlobalSection
	GlobalSection(SolutionProperties) = preSolution
		HideSolutionNode = FALSE
	EndGlobalSection
	GlobalSection(ExtensibilityGlobals) = postSolution
		SolutionGuid = {CC050206-BEEA-4164-9280-2AEA977C08B8}
	EndGlobalSection
EndGlobal
